
Microsoft Visual Studio Solution File, Format Version 12.00
# Visual Studio Version 17
VisualStudioVersion = 17.14.35906.104 d17.14
MinimumVisualStudioVersion = 10.0.40219.1
Project("{FAE04EC0-301F-11D3-BF4B-00C04F79EFBC}") = "AksenovaConveyorApp", "AksenovaConveyorApp\AksenovaConveyorApp.csproj", "{8855CA83-9A51-46AF-9CD6-425C6F3927A2}"
EndProject
Project("{FAE04EC0-301F-11D3-BF4B-00C04F79EFBC}") = "AksenovaConveyorLib", "AksenovaConveyorLib\AksenovaConveyorLib.csproj", "{3C9DF78F-33F5-4E0D-8894-762420F3C9F3}"
EndProject
Global
	GlobalSection(SolutionConfigurationPlatforms) = preSolution
		Debug|Any CPU = Debug|Any CPU
		Release|Any CPU = Release|Any CPU
	EndGlobalSection
	GlobalSection(ProjectConfigurationPlatforms) = postSolution
		{8855CA83-9A51-46AF-9CD6-425C6F3927A2}.Debug|Any CPU.ActiveCfg = Debug|Any CPU
		{8855CA83-9A51-46AF-9CD6-425C6F3927A2}.Debug|Any CPU.Build.0 = Debug|Any CPU
		{8855CA83-9A51-46AF-9CD6-425C6F3927A2}.Release|Any CPU.ActiveCfg = Release|Any CPU
		{8855CA83-9A51-46AF-9CD6-425C6F3927A2}.Release|Any CPU.Build.0 = Release|Any CPU
		{3C9DF78F-33F5-4E0D-8894-762420F3C9F3}.Debug|Any CPU.ActiveCfg = Debug|Any CPU
		{3C9DF78F-33F5-4E0D-8894-762420F3C9F3}.Debug|Any CPU.Build.0 = Debug|Any CPU
		{3C9DF78F-33F5-4E0D-8894-762420F3C9F3}.Release|Any CPU.ActiveCfg = Release|Any CPU
		{3C9DF78F-33F5-4E0D-8894-762420F3C9F3}.Release|Any CPU.Build.0 = Release|Any CPU
	EndGlobalSection
	GlobalSection(SolutionProperties) = preSolution
		HideSolutionNode = FALSE
	EndGlobalSection
	GlobalSection(ExtensibilityGlobals) = postSolution
		SolutionGuid = {36278E87-8BE6-4840-A21E-C7D272F45775}
	EndGlobalSection
EndGlobal
